// !$*UTF8*$!
{
	archiveVersion = 1;
	classes = {
	};
	objectVersion = 46;
	objects = {

/* Begin PBXBuildFile section */
		6C195EB11C57C2BC00AEF1DA /* CharacteristicController.swift in Sources */ = {isa = PBXBuildFile; fileRef = 6C195EB01C57C2BC00AEF1DA /* CharacteristicController.swift */; };
		6C195EB31C57C2D200AEF1DA /* CharacteristicController.xib in Resources */ = {isa = PBXBuildFile; fileRef = 6C195EB21C57C2D200AEF1DA /* CharacteristicController.xib */; };
		6C75260F1C3972CA009445CE /* BluetoothManager.swift in Sources */ = {isa = PBXBuildFile; fileRef = 6C75260E1C3972CA009445CE /* BluetoothManager.swift */; };
		6C7526111C397A93009445CE /* RootController.swift in Sources */ = {isa = PBXBuildFile; fileRef = 6C7526101C397A93009445CE /* RootController.swift */; };
		6C7526161C39883F009445CE /* NearbyPeripheralCell.swift in Sources */ = {isa = PBXBuildFile; fileRef = 6C7526151C39883F009445CE /* NearbyPeripheralCell.swift */; };
		6C7526181C39899C009445CE /* VirtualPeripheralCell.swift in Sources */ = {isa = PBXBuildFile; fileRef = 6C7526171C39899C009445CE /* VirtualPeripheralCell.swift */; };
		6C76ACC11C47EDD40017A521 /* CBUUID+LightBlue.swift in Sources */ = {isa = PBXBuildFile; fileRef = 6C76ACC01C47EDD40017A521 /* CBUUID+LightBlue.swift */; };
		6CA9D7FE1C509C3400B5ACD1 /* CBAdvertisementData+LightBlue.swift in Sources */ = {isa = PBXBuildFile; fileRef = 6CA9D7FD1C509C3400B5ACD1 /* CBAdvertisementData+LightBlue.swift */; };
		6CA9D8011C509C5700B5ACD1 /* CBCharacteristic+LightBlue.swift in Sources */ = {isa = PBXBuildFile; fileRef = 6CA9D7FF1C509C5700B5ACD1 /* CBCharacteristic+LightBlue.swift */; };
		6CA9D8021C509C5700B5ACD1 /* CBService+LightBlue.swift in Sources */ = {isa = PBXBuildFile; fileRef = 6CA9D8001C509C5700B5ACD1 /* CBService+LightBlue.swift */; };
		6CB464AE1C3C276E00D16277 /* LogController.swift in Sources */ = {isa = PBXBuildFile; fileRef = 6CB464AD1C3C276E00D16277 /* LogController.swift */; };
		6CB464B21C3CCFD100D16277 /* UnavailableView.swift in Sources */ = {isa = PBXBuildFile; fileRef = 6CB464B11C3CCFD100D16277 /* UnavailableView.swift */; };
		6CB465581C3D788300D16277 /* NewVirtualPeripheralController.swift in Sources */ = {isa = PBXBuildFile; fileRef = 6CB465571C3D788300D16277 /* NewVirtualPeripheralController.swift */; };
		6CB4656A1C3E253200D16277 /* ConnectingView.swift in Sources */ = {isa = PBXBuildFile; fileRef = 6CB465691C3E253200D16277 /* ConnectingView.swift */; };
		6CB655D21C4376C200128BC6 /* BluetoothDelegate.swift in Sources */ = {isa = PBXBuildFile; fileRef = 6CB655D11C4376C200128BC6 /* BluetoothDelegate.swift */; };
		6CB655D91C438F1E00128BC6 /* PeripheralController.swift in Sources */ = {isa = PBXBuildFile; fileRef = 6CB655D71C438F1E00128BC6 /* PeripheralController.swift */; };
		6CB655DA1C438F1E00128BC6 /* PeripheralController.xib in Resources */ = {isa = PBXBuildFile; fileRef = 6CB655D81C438F1E00128BC6 /* PeripheralController.xib */; };
		6CDD91601C35964400DBC2E2 /* AppDelegate.swift in Sources */ = {isa = PBXBuildFile; fileRef = 6CDD915F1C35964400DBC2E2 /* AppDelegate.swift */; };
		6CDD91621C35964400DBC2E2 /* MainController.swift in Sources */ = {isa = PBXBuildFile; fileRef = 6CDD91611C35964400DBC2E2 /* MainController.swift */; };
		6CDD91651C35964400DBC2E2 /* Main.storyboard in Resources */ = {isa = PBXBuildFile; fileRef = 6CDD91631C35964400DBC2E2 /* Main.storyboard */; };
		6CDD91671C35964400DBC2E2 /* Assets.xcassets in Resources */ = {isa = PBXBuildFile; fileRef = 6CDD91661C35964400DBC2E2 /* Assets.xcassets */; };
		6CDD916A1C35964400DBC2E2 /* LaunchScreen.storyboard in Resources */ = {isa = PBXBuildFile; fileRef = 6CDD91681C35964400DBC2E2 /* LaunchScreen.storyboard */; };
		6CDD91751C35964400DBC2E2 /* Swift_LightBlueTests.swift in Sources */ = {isa = PBXBuildFile; fileRef = 6CDD91741C35964400DBC2E2 /* Swift_LightBlueTests.swift */; };
		6CDD91801C35964400DBC2E2 /* Swift_LightBlueUITests.swift in Sources */ = {isa = PBXBuildFile; fileRef = 6CDD917F1C35964400DBC2E2 /* Swift_LightBlueUITests.swift */; };
		6CFFE93E1C44923100D061ED /* AlertUtil.swift in Sources */ = {isa = PBXBuildFile; fileRef = 6CFFE93D1C44923100D061ED /* AlertUtil.swift */; };
/* End PBXBuildFile section */

/* Begin PBXContainerItemProxy section */
		6CDD91711C35964400DBC2E2 /* PBXContainerItemProxy */ = {
			isa = PBXContainerItemProxy;
			containerPortal = 6CDD91541C35964400DBC2E2 /* Project object */;
			proxyType = 1;
			remoteGlobalIDString = 6CDD915B1C35964400DBC2E2;
			remoteInfo = "Swift-LightBlue";
		};
		6CDD917C1C35964400DBC2E2 /* PBXContainerItemProxy */ = {
			isa = PBXContainerItemProxy;
			containerPortal = 6CDD91541C35964400DBC2E2 /* Project object */;
			proxyType = 1;
			remoteGlobalIDString = 6CDD915B1C35964400DBC2E2;
			remoteInfo = "Swift-LightBlue";
		};
/* End PBXContainerItemProxy section */

/* Begin PBXFileReference section */
		6C195EB01C57C2BC00AEF1DA /* CharacteristicController.swift */ = {isa = PBXFileReference; fileEncoding = 4; lastKnownFileType = sourcecode.swift; path = CharacteristicController.swift; sourceTree = "<group>"; };
		6C195EB21C57C2D200AEF1DA /* CharacteristicController.xib */ = {isa = PBXFileReference; fileEncoding = 4; lastKnownFileType = file.xib; path = CharacteristicController.xib; sourceTree = "<group>"; };
		6C75260E1C3972CA009445CE /* BluetoothManager.swift */ = {isa = PBXFileReference; fileEncoding = 4; lastKnownFileType = sourcecode.swift; name = BluetoothManager.swift; path = Source/BluetoothManager.swift; sourceTree = "<group>"; };
		6C7526101C397A93009445CE /* RootController.swift */ = {isa = PBXFileReference; fileEncoding = 4; lastKnownFileType = sourcecode.swift; path = RootController.swift; sourceTree = "<group>"; };
		6C7526151C39883F009445CE /* NearbyPeripheralCell.swift */ = {isa = PBXFileReference; fileEncoding = 4; lastKnownFileType = sourcecode.swift; name = NearbyPeripheralCell.swift; path = Cell/NearbyPeripheralCell.swift; sourceTree = "<group>"; };
		6C7526171C39899C009445CE /* VirtualPeripheralCell.swift */ = {isa = PBXFileReference; fileEncoding = 4; lastKnownFileType = sourcecode.swift; name = VirtualPeripheralCell.swift; path = Cell/VirtualPeripheralCell.swift; sourceTree = "<group>"; };
		6C76ACC01C47EDD40017A521 /* CBUUID+LightBlue.swift */ = {isa = PBXFileReference; fileEncoding = 4; lastKnownFileType = sourcecode.swift; name = "CBUUID+LightBlue.swift"; path = "Source/CBUUID+LightBlue.swift"; sourceTree = "<group>"; };
		6CA9D7FD1C509C3400B5ACD1 /* CBAdvertisementData+LightBlue.swift */ = {isa = PBXFileReference; fileEncoding = 4; lastKnownFileType = sourcecode.swift; name = "CBAdvertisementData+LightBlue.swift"; path = "Source/CBAdvertisementData+LightBlue.swift"; sourceTree = "<group>"; };
		6CA9D7FF1C509C5700B5ACD1 /* CBCharacteristic+LightBlue.swift */ = {isa = PBXFileReference; fileEncoding = 4; lastKnownFileType = sourcecode.swift; name = "CBCharacteristic+LightBlue.swift"; path = "Source/CBCharacteristic+LightBlue.swift"; sourceTree = "<group>"; };
		6CA9D8001C509C5700B5ACD1 /* CBService+LightBlue.swift */ = {isa = PBXFileReference; fileEncoding = 4; lastKnownFileType = sourcecode.swift; name = "CBService+LightBlue.swift"; path = "Source/CBService+LightBlue.swift"; sourceTree = "<group>"; };
		6CB464AD1C3C276E00D16277 /* LogController.swift */ = {isa = PBXFileReference; fileEncoding = 4; lastKnownFileType = sourcecode.swift; path = LogController.swift; sourceTree = "<group>"; };
		6CB464B11C3CCFD100D16277 /* UnavailableView.swift */ = {isa = PBXFileReference; fileEncoding = 4; lastKnownFileType = sourcecode.swift; name = UnavailableView.swift; path = View/UnavailableView.swift; sourceTree = "<group>"; };
		6CB465571C3D788300D16277 /* NewVirtualPeripheralController.swift */ = {isa = PBXFileReference; fileEncoding = 4; lastKnownFileType = sourcecode.swift; path = NewVirtualPeripheralController.swift; sourceTree = "<group>"; };
		6CB465691C3E253200D16277 /* ConnectingView.swift */ = {isa = PBXFileReference; fileEncoding = 4; lastKnownFileType = sourcecode.swift; name = ConnectingView.swift; path = View/ConnectingView.swift; sourceTree = "<group>"; };
		6CB655D11C4376C200128BC6 /* BluetoothDelegate.swift */ = {isa = PBXFileReference; fileEncoding = 4; lastKnownFileType = sourcecode.swift; name = BluetoothDelegate.swift; path = Source/BluetoothDelegate.swift; sourceTree = "<group>"; };
		6CB655D71C438F1E00128BC6 /* PeripheralController.swift */ = {isa = PBXFileReference; fileEncoding = 4; lastKnownFileType = sourcecode.swift; path = PeripheralController.swift; sourceTree = "<group>"; };
		6CB655D81C438F1E00128BC6 /* PeripheralController.xib */ = {isa = PBXFileReference; fileEncoding = 4; lastKnownFileType = file.xib; path = PeripheralController.xib; sourceTree = "<group>"; };
		6CDD915C1C35964400DBC2E2 /* Swift-LightBlue.app */ = {isa = PBXFileReference; explicitFileType = wrapper.application; includeInIndex = 0; path = "Swift-LightBlue.app"; sourceTree = BUILT_PRODUCTS_DIR; };
		6CDD915F1C35964400DBC2E2 /* AppDelegate.swift */ = {isa = PBXFileReference; lastKnownFileType = sourcecode.swift; path = AppDelegate.swift; sourceTree = "<group>"; };
		6CDD91611C35964400DBC2E2 /* MainController.swift */ = {isa = PBXFileReference; lastKnownFileType = sourcecode.swift; path = MainController.swift; sourceTree = "<group>"; };
		6CDD91641C35964400DBC2E2 /* Base */ = {isa = PBXFileReference; lastKnownFileType = file.storyboard; name = Base; path = Base.lproj/Main.storyboard; sourceTree = "<group>"; };
		6CDD91661C35964400DBC2E2 /* Assets.xcassets */ = {isa = PBXFileReference; lastKnownFileType = folder.assetcatalog; path = Assets.xcassets; sourceTree = "<group>"; };
		6CDD91691C35964400DBC2E2 /* Base */ = {isa = PBXFileReference; lastKnownFileType = file.storyboard; name = Base; path = Base.lproj/LaunchScreen.storyboard; sourceTree = "<group>"; };
		6CDD916B1C35964400DBC2E2 /* Info.plist */ = {isa = PBXFileReference; lastKnownFileType = text.plist.xml; path = Info.plist; sourceTree = "<group>"; };
		6CDD91701C35964400DBC2E2 /* Swift-LightBlueTests.xctest */ = {isa = PBXFileReference; explicitFileType = wrapper.cfbundle; includeInIndex = 0; path = "Swift-LightBlueTests.xctest"; sourceTree = BUILT_PRODUCTS_DIR; };
		6CDD91741C35964400DBC2E2 /* Swift_LightBlueTests.swift */ = {isa = PBXFileReference; lastKnownFileType = sourcecode.swift; path = Swift_LightBlueTests.swift; sourceTree = "<group>"; };
		6CDD91761C35964400DBC2E2 /* Info.plist */ = {isa = PBXFileReference; lastKnownFileType = text.plist.xml; path = Info.plist; sourceTree = "<group>"; };
		6CDD917B1C35964400DBC2E2 /* Swift-LightBlueUITests.xctest */ = {isa = PBXFileReference; explicitFileType = wrapper.cfbundle; includeInIndex = 0; path = "Swift-LightBlueUITests.xctest"; sourceTree = BUILT_PRODUCTS_DIR; };
		6CDD917F1C35964400DBC2E2 /* Swift_LightBlueUITests.swift */ = {isa = PBXFileReference; lastKnownFileType = sourcecode.swift; path = Swift_LightBlueUITests.swift; sourceTree = "<group>"; };
		6CDD91811C35964400DBC2E2 /* Info.plist */ = {isa = PBXFileReference; lastKnownFileType = text.plist.xml; path = Info.plist; sourceTree = "<group>"; };
		6CFFE93D1C44923100D061ED /* AlertUtil.swift */ = {isa = PBXFileReference; fileEncoding = 4; lastKnownFileType = sourcecode.swift; name = AlertUtil.swift; path = Utils/AlertUtil.swift; sourceTree = "<group>"; };
/* End PBXFileReference section */

/* Begin PBXFrameworksBuildPhase section */
		6CDD91591C35964400DBC2E2 /* Frameworks */ = {
			isa = PBXFrameworksBuildPhase;
			buildActionMask = 2147483647;
			files = (
			);
			runOnlyForDeploymentPostprocessing = 0;
		};
		6CDD916D1C35964400DBC2E2 /* Frameworks */ = {
			isa = PBXFrameworksBuildPhase;
			buildActionMask = 2147483647;
			files = (
			);
			runOnlyForDeploymentPostprocessing = 0;
		};
		6CDD91781C35964400DBC2E2 /* Frameworks */ = {
			isa = PBXFrameworksBuildPhase;
			buildActionMask = 2147483647;
			files = (
			);
			runOnlyForDeploymentPostprocessing = 0;
		};
/* End PBXFrameworksBuildPhase section */

/* Begin PBXGroup section */
		6C75260B1C397228009445CE /* Source */ = {
			isa = PBXGroup;
			children = (
				6CA9D7FF1C509C5700B5ACD1 /* CBCharacteristic+LightBlue.swift */,
				6CA9D8001C509C5700B5ACD1 /* CBService+LightBlue.swift */,
				6C76ACC01C47EDD40017A521 /* CBUUID+LightBlue.swift */,
				6C75260E1C3972CA009445CE /* BluetoothManager.swift */,
				6CB655D11C4376C200128BC6 /* BluetoothDelegate.swift */,
				6CA9D7FD1C509C3400B5ACD1 /* CBAdvertisementData+LightBlue.swift */,
			);
			name = Source;
			sourceTree = "<group>";
		};
		6C7526121C39875B009445CE /* Cell */ = {
			isa = PBXGroup;
			children = (
				6C7526151C39883F009445CE /* NearbyPeripheralCell.swift */,
				6C7526171C39899C009445CE /* VirtualPeripheralCell.swift */,
			);
			name = Cell;
			sourceTree = "<group>";
		};
		6CB464B01C3CCF5600D16277 /* View */ = {
			isa = PBXGroup;
			children = (
				6CB464B11C3CCFD100D16277 /* UnavailableView.swift */,
				6CB465691C3E253200D16277 /* ConnectingView.swift */,
			);
			name = View;
			sourceTree = "<group>";
		};
		6CDD91531C35964400DBC2E2 = {
			isa = PBXGroup;
			children = (
				6C75260B1C397228009445CE /* Source */,
				6CDD915E1C35964400DBC2E2 /* Swift-LightBlue */,
				6CDD91731C35964400DBC2E2 /* Swift-LightBlueTests */,
				6CDD917E1C35964400DBC2E2 /* Swift-LightBlueUITests */,
				6CDD915D1C35964400DBC2E2 /* Products */,
			);
			sourceTree = "<group>";
		};
		6CDD915D1C35964400DBC2E2 /* Products */ = {
			isa = PBXGroup;
			children = (
				6CDD915C1C35964400DBC2E2 /* Swift-LightBlue.app */,
				6CDD91701C35964400DBC2E2 /* Swift-LightBlueTests.xctest */,
				6CDD917B1C35964400DBC2E2 /* Swift-LightBlueUITests.xctest */,
			);
			name = Products;
			sourceTree = "<group>";
		};
		6CDD915E1C35964400DBC2E2 /* Swift-LightBlue */ = {
			isa = PBXGroup;
			children = (
				6CFFE93C1C44920C00D061ED /* Utils */,
				6CB464B01C3CCF5600D16277 /* View */,
				6C7526121C39875B009445CE /* Cell */,
				6CDD915F1C35964400DBC2E2 /* AppDelegate.swift */,
				6CDD91611C35964400DBC2E2 /* MainController.swift */,
				6CDD91631C35964400DBC2E2 /* Main.storyboard */,
				6CDD91661C35964400DBC2E2 /* Assets.xcassets */,
				6CDD91681C35964400DBC2E2 /* LaunchScreen.storyboard */,
				6CDD916B1C35964400DBC2E2 /* Info.plist */,
				6C7526101C397A93009445CE /* RootController.swift */,
				6CB464AD1C3C276E00D16277 /* LogController.swift */,
				6CB465571C3D788300D16277 /* NewVirtualPeripheralController.swift */,
				6CB655D71C438F1E00128BC6 /* PeripheralController.swift */,
				6CB655D81C438F1E00128BC6 /* PeripheralController.xib */,
				6C195EB01C57C2BC00AEF1DA /* CharacteristicController.swift */,
				6C195EB21C57C2D200AEF1DA /* CharacteristicController.xib */,
			);
			path = "Swift-LightBlue";
			sourceTree = "<group>";
		};
		6CDD91731C35964400DBC2E2 /* Swift-LightBlueTests */ = {
			isa = PBXGroup;
			children = (
				6CDD91741C35964400DBC2E2 /* Swift_LightBlueTests.swift */,
				6CDD91761C35964400DBC2E2 /* Info.plist */,
			);
			path = "Swift-LightBlueTests";
			sourceTree = "<group>";
		};
		6CDD917E1C35964400DBC2E2 /* Swift-LightBlueUITests */ = {
			isa = PBXGroup;
			children = (
				6CDD917F1C35964400DBC2E2 /* Swift_LightBlueUITests.swift */,
				6CDD91811C35964400DBC2E2 /* Info.plist */,
			);
			path = "Swift-LightBlueUITests";
			sourceTree = "<group>";
		};
		6CFFE93C1C44920C00D061ED /* Utils */ = {
			isa = PBXGroup;
			children = (
				6CFFE93D1C44923100D061ED /* AlertUtil.swift */,
			);
			name = Utils;
			sourceTree = "<group>";
		};
/* End PBXGroup section */

/* Begin PBXNativeTarget section */
		6CDD915B1C35964400DBC2E2 /* Swift-LightBlue */ = {
			isa = PBXNativeTarget;
			buildConfigurationList = 6CDD91841C35964400DBC2E2 /* Build configuration list for PBXNativeTarget "Swift-LightBlue" */;
			buildPhases = (
				6CDD91581C35964400DBC2E2 /* Sources */,
				6CDD91591C35964400DBC2E2 /* Frameworks */,
				6CDD915A1C35964400DBC2E2 /* Resources */,
			);
			buildRules = (
			);
			dependencies = (
			);
			name = "Swift-LightBlue";
			productName = "Swift-LightBlue";
			productReference = 6CDD915C1C35964400DBC2E2 /* Swift-LightBlue.app */;
			productType = "com.apple.product-type.application";
		};
		6CDD916F1C35964400DBC2E2 /* Swift-LightBlueTests */ = {
			isa = PBXNativeTarget;
			buildConfigurationList = 6CDD91871C35964400DBC2E2 /* Build configuration list for PBXNativeTarget "Swift-LightBlueTests" */;
			buildPhases = (
				6CDD916C1C35964400DBC2E2 /* Sources */,
				6CDD916D1C35964400DBC2E2 /* Frameworks */,
				6CDD916E1C35964400DBC2E2 /* Resources */,
			);
			buildRules = (
			);
			dependencies = (
				6CDD91721C35964400DBC2E2 /* PBXTargetDependency */,
			);
			name = "Swift-LightBlueTests";
			productName = "Swift-LightBlueTests";
			productReference = 6CDD91701C35964400DBC2E2 /* Swift-LightBlueTests.xctest */;
			productType = "com.apple.product-type.bundle.unit-test";
		};
		6CDD917A1C35964400DBC2E2 /* Swift-LightBlueUITests */ = {
			isa = PBXNativeTarget;
			buildConfigurationList = 6CDD918A1C35964400DBC2E2 /* Build configuration list for PBXNativeTarget "Swift-LightBlueUITests" */;
			buildPhases = (
				6CDD91771C35964400DBC2E2 /* Sources */,
				6CDD91781C35964400DBC2E2 /* Frameworks */,
				6CDD91791C35964400DBC2E2 /* Resources */,
			);
			buildRules = (
			);
			dependencies = (
				6CDD917D1C35964400DBC2E2 /* PBXTargetDependency */,
			);
			name = "Swift-LightBlueUITests";
			productName = "Swift-LightBlueUITests";
			productReference = 6CDD917B1C35964400DBC2E2 /* Swift-LightBlueUITests.xctest */;
			productType = "com.apple.product-type.bundle.ui-testing";
		};
/* End PBXNativeTarget section */

/* Begin PBXProject section */
		6CDD91541C35964400DBC2E2 /* Project object */ = {
			isa = PBXProject;
			attributes = {
				LastSwiftUpdateCheck = 0720;
				LastUpgradeCheck = 0720;
				ORGANIZATIONNAME = "Pluto-y";
				TargetAttributes = {
					6CDD915B1C35964400DBC2E2 = {
						CreatedOnToolsVersion = 7.2;
					};
					6CDD916F1C35964400DBC2E2 = {
						CreatedOnToolsVersion = 7.2;
						TestTargetID = 6CDD915B1C35964400DBC2E2;
					};
					6CDD917A1C35964400DBC2E2 = {
						CreatedOnToolsVersion = 7.2;
						TestTargetID = 6CDD915B1C35964400DBC2E2;
					};
				};
			};
			buildConfigurationList = 6CDD91571C35964400DBC2E2 /* Build configuration list for PBXProject "Swift-LightBlue" */;
			compatibilityVersion = "Xcode 3.2";
			developmentRegion = English;
			hasScannedForEncodings = 0;
			knownRegions = (
				en,
				Base,
			);
			mainGroup = 6CDD91531C35964400DBC2E2;
			productRefGroup = 6CDD915D1C35964400DBC2E2 /* Products */;
			projectDirPath = "";
			projectRoot = "";
			targets = (
				6CDD915B1C35964400DBC2E2 /* Swift-LightBlue */,
				6CDD916F1C35964400DBC2E2 /* Swift-LightBlueTests */,
				6CDD917A1C35964400DBC2E2 /* Swift-LightBlueUITests */,
			);
		};
/* End PBXProject section */

/* Begin PBXResourcesBuildPhase section */
		6CDD915A1C35964400DBC2E2 /* Resources */ = {
			isa = PBXResourcesBuildPhase;
			buildActionMask = 2147483647;
			files = (
				6CDD916A1C35964400DBC2E2 /* LaunchScreen.storyboard in Resources */,
				6CB655DA1C438F1E00128BC6 /* PeripheralController.xib in Resources */,
				6C195EB31C57C2D200AEF1DA /* CharacteristicController.xib in Resources */,
				6CDD91671C35964400DBC2E2 /* Assets.xcassets in Resources */,
				6CDD91651C35964400DBC2E2 /* Main.storyboard in Resources */,
			);
			runOnlyForDeploymentPostprocessing = 0;
		};
		6CDD916E1C35964400DBC2E2 /* Resources */ = {
			isa = PBXResourcesBuildPhase;
			buildActionMask = 2147483647;
			files = (
			);
			runOnlyForDeploymentPostprocessing = 0;
		};
		6CDD91791C35964400DBC2E2 /* Resources */ = {
			isa = PBXResourcesBuildPhase;
			buildActionMask = 2147483647;
			files = (
			);
			runOnlyForDeploymentPostprocessing = 0;
		};
/* End PBXResourcesBuildPhase section */

/* Begin PBXSourcesBuildPhase section */
		6CDD91581C35964400DBC2E2 /* Sources */ = {
			isa = PBXSourcesBuildPhase;
			buildActionMask = 2147483647;
			files = (
				6CDD91621C35964400DBC2E2 /* MainController.swift in Sources */,
				6CB655D91C438F1E00128BC6 /* PeripheralController.swift in Sources */,
				6C75260F1C3972CA009445CE /* BluetoothManager.swift in Sources */,
				6CB655D21C4376C200128BC6 /* BluetoothDelegate.swift in Sources */,
				6CB464AE1C3C276E00D16277 /* LogController.swift in Sources */,
				6C76ACC11C47EDD40017A521 /* CBUUID+LightBlue.swift in Sources */,
				6CB465581C3D788300D16277 /* NewVirtualPeripheralController.swift in Sources */,
				6CFFE93E1C44923100D061ED /* AlertUtil.swift in Sources */,
				6CA9D8011C509C5700B5ACD1 /* CBCharacteristic+LightBlue.swift in Sources */,
				6CDD91601C35964400DBC2E2 /* AppDelegate.swift in Sources */,
				6C7526161C39883F009445CE /* NearbyPeripheralCell.swift in Sources */,
				6CB4656A1C3E253200D16277 /* ConnectingView.swift in Sources */,
				6CA9D8021C509C5700B5ACD1 /* CBService+LightBlue.swift in Sources */,
				6CA9D7FE1C509C3400B5ACD1 /* CBAdvertisementData+LightBlue.swift in Sources */,
				6C195EB11C57C2BC00AEF1DA /* CharacteristicController.swift in Sources */,
				6C7526111C397A93009445CE /* RootController.swift in Sources */,
				6C7526181C39899C009445CE /* VirtualPeripheralCell.swift in Sources */,
				6CB464B21C3CCFD100D16277 /* UnavailableView.swift in Sources */,
			);
			runOnlyForDeploymentPostprocessing = 0;
		};
		6CDD916C1C35964400DBC2E2 /* Sources */ = {
			isa = PBXSourcesBuildPhase;
			buildActionMask = 2147483647;
			files = (
				6CDD91751C35964400DBC2E2 /* Swift_LightBlueTests.swift in Sources */,
			);
			runOnlyForDeploymentPostprocessing = 0;
		};
		6CDD91771C35964400DBC2E2 /* Sources */ = {
			isa = PBXSourcesBuildPhase;
			buildActionMask = 2147483647;
			files = (
				6CDD91801C35964400DBC2E2 /* Swift_LightBlueUITests.swift in Sources */,
			);
			runOnlyForDeploymentPostprocessing = 0;
		};
/* End PBXSourcesBuildPhase section */

/* Begin PBXTargetDependency section */
		6CDD91721C35964400DBC2E2 /* PBXTargetDependency */ = {
			isa = PBXTargetDependency;
			target = 6CDD915B1C35964400DBC2E2 /* Swift-LightBlue */;
			targetProxy = 6CDD91711C35964400DBC2E2 /* PBXContainerItemProxy */;
		};
		6CDD917D1C35964400DBC2E2 /* PBXTargetDependency */ = {
			isa = PBXTargetDependency;
			target = 6CDD915B1C35964400DBC2E2 /* Swift-LightBlue */;
			targetProxy = 6CDD917C1C35964400DBC2E2 /* PBXContainerItemProxy */;
		};
/* End PBXTargetDependency section */

/* Begin PBXVariantGroup section */
		6CDD91631C35964400DBC2E2 /* Main.storyboard */ = {
			isa = PBXVariantGroup;
			children = (
				6CDD91641C35964400DBC2E2 /* Base */,
			);
			name = Main.storyboard;
			sourceTree = "<group>";
		};
		6CDD91681C35964400DBC2E2 /* LaunchScreen.storyboard */ = {
			isa = PBXVariantGroup;
			children = (
				6CDD91691C35964400DBC2E2 /* Base */,
			);
			name = LaunchScreen.storyboard;
			sourceTree = "<group>";
		};
/* End PBXVariantGroup section */

/* Begin XCBuildConfiguration section */
		6CDD91821C35964400DBC2E2 /* Debug */ = {
			isa = XCBuildConfiguration;
			buildSettings = {
				ALWAYS_SEARCH_USER_PATHS = NO;
				CLANG_CXX_LANGUAGE_STANDARD = "gnu++0x";
				CLANG_CXX_LIBRARY = "libc++";
				CLANG_ENABLE_MODULES = YES;
				CLANG_ENABLE_OBJC_ARC = YES;
				CLANG_WARN_BOOL_CONVERSION = YES;
				CLANG_WARN_CONSTANT_CONVERSION = YES;
				CLANG_WARN_DIRECT_OBJC_ISA_USAGE = YES_ERROR;
				CLANG_WARN_EMPTY_BODY = YES;
				CLANG_WARN_ENUM_CONVERSION = YES;
				CLANG_WARN_INT_CONVERSION = YES;
				CLANG_WARN_OBJC_ROOT_CLASS = YES_ERROR;
				CLANG_WARN_UNREACHABLE_CODE = YES;
				CLANG_WARN__DUPLICATE_METHOD_MATCH = YES;
				"CODE_SIGN_IDENTITY[sdk=iphoneos*]" = "iPhone Developer";
				COPY_PHASE_STRIP = NO;
				DEBUG_INFORMATION_FORMAT = dwarf;
				ENABLE_STRICT_OBJC_MSGSEND = YES;
				ENABLE_TESTABILITY = YES;
				GCC_C_LANGUAGE_STANDARD = gnu99;
				GCC_DYNAMIC_NO_PIC = NO;
				GCC_NO_COMMON_BLOCKS = YES;
				GCC_OPTIMIZATION_LEVEL = 0;
				GCC_PREPROCESSOR_DEFINITIONS = (
					"DEBUG=1",
					"$(inherited)",
				);
				GCC_WARN_64_TO_32_BIT_CONVERSION = YES;
				GCC_WARN_ABOUT_RETURN_TYPE = YES_ERROR;
				GCC_WARN_UNDECLARED_SELECTOR = YES;
				GCC_WARN_UNINITIALIZED_AUTOS = YES_AGGRESSIVE;
				GCC_WARN_UNUSED_FUNCTION = YES;
				GCC_WARN_UNUSED_VARIABLE = YES;
				IPHONEOS_DEPLOYMENT_TARGET = 9.2;
				MTL_ENABLE_DEBUG_INFO = YES;
				ONLY_ACTIVE_ARCH = YES;
				SDKROOT = iphoneos;
				SWIFT_OPTIMIZATION_LEVEL = "-Onone";
			};
			name = Debug;
		};
		6CDD91831C35964400DBC2E2 /* Release */ = {
			isa = XCBuildConfiguration;
			buildSettings = {
				ALWAYS_SEARCH_USER_PATHS = NO;
				CLANG_CXX_LANGUAGE_STANDARD = "gnu++0x";
				CLANG_CXX_LIBRARY = "libc++";
				CLANG_ENABLE_MODULES = YES;
				CLANG_ENABLE_OBJC_ARC = YES;
				CLANG_WARN_BOOL_CONVERSION = YES;
				CLANG_WARN_CONSTANT_CONVERSION = YES;
				CLANG_WARN_DIRECT_OBJC_ISA_USAGE = YES_ERROR;
				CLANG_WARN_EMPTY_BODY = YES;
				CLANG_WARN_ENUM_CONVERSION = YES;
				CLANG_WARN_INT_CONVERSION = YES;
				CLANG_WARN_OBJC_ROOT_CLASS = YES_ERROR;
				CLANG_WARN_UNREACHABLE_CODE = YES;
				CLANG_WARN__DUPLICATE_METHOD_MATCH = YES;
				"CODE_SIGN_IDENTITY[sdk=iphoneos*]" = "iPhone Developer";
				COPY_PHASE_STRIP = NO;
				DEBUG_INFORMATION_FORMAT = "dwarf-with-dsym";
				ENABLE_NS_ASSERTIONS = NO;
				ENABLE_STRICT_OBJC_MSGSEND = YES;
				GCC_C_LANGUAGE_STANDARD = gnu99;
				GCC_NO_COMMON_BLOCKS = YES;
				GCC_WARN_64_TO_32_BIT_CONVERSION = YES;
				GCC_WARN_ABOUT_RETURN_TYPE = YES_ERROR;
				GCC_WARN_UNDECLARED_SELECTOR = YES;
				GCC_WARN_UNINITIALIZED_AUTOS = YES_AGGRESSIVE;
				GCC_WARN_UNUSED_FUNCTION = YES;
				GCC_WARN_UNUSED_VARIABLE = YES;
				IPHONEOS_DEPLOYMENT_TARGET = 9.2;
				MTL_ENABLE_DEBUG_INFO = NO;
				SDKROOT = iphoneos;
				VALIDATE_PRODUCT = YES;
			};
			name = Release;
		};
		6CDD91851C35964400DBC2E2 /* Debug */ = {
			isa = XCBuildConfiguration;
			buildSettings = {
				ASSETCATALOG_COMPILER_APPICON_NAME = AppIcon;
				INFOPLIST_FILE = "Swift-LightBlue/Info.plist";
				LD_RUNPATH_SEARCH_PATHS = "$(inherited) @executable_path/Frameworks";
				PRODUCT_BUNDLE_IDENTIFIER = "com.pluto-y.Swift-LightBlue";
				PRODUCT_NAME = "$(TARGET_NAME)";
			};
			name = Debug;
		};
		6CDD91861C35964400DBC2E2 /* Release */ = {
			isa = XCBuildConfiguration;
			buildSettings = {
				ASSETCATALOG_COMPILER_APPICON_NAME = AppIcon;
				INFOPLIST_FILE = "Swift-LightBlue/Info.plist";
				LD_RUNPATH_SEARCH_PATHS = "$(inherited) @executable_path/Frameworks";
				PRODUCT_BUNDLE_IDENTIFIER = "com.pluto-y.Swift-LightBlue";
				PRODUCT_NAME = "$(TARGET_NAME)";
			};
			name = Release;
		};
		6CDD91881C35964400DBC2E2 /* Debug */ = {
			isa = XCBuildConfiguration;
			buildSettings = {
				BUNDLE_LOADER = "$(TEST_HOST)";
				INFOPLIST_FILE = "Swift-LightBlueTests/Info.plist";
				LD_RUNPATH_SEARCH_PATHS = "$(inherited) @executable_path/Frameworks @loader_path/Frameworks";
				PRODUCT_BUNDLE_IDENTIFIER = "com.pluto-y.Swift-LightBlueTests";
				PRODUCT_NAME = "$(TARGET_NAME)";
				TEST_HOST = "$(BUILT_PRODUCTS_DIR)/Swift-LightBlue.app/Swift-LightBlue";
			};
			name = Debug;
		};
		6CDD91891C35964400DBC2E2 /* Release */ = {
			isa = XCBuildConfiguration;
			buildSettings = {
				BUNDLE_LOADER = "$(TEST_HOST)";
				INFOPLIST_FILE = "Swift-LightBlueTests/Info.plist";
				LD_RUNPATH_SEARCH_PATHS = "$(inherited) @executable_path/Frameworks @loader_path/Frameworks";
				PRODUCT_BUNDLE_IDENTIFIER = "com.pluto-y.Swift-LightBlueTests";
				PRODUCT_NAME = "$(TARGET_NAME)";
				TEST_HOST = "$(BUILT_PRODUCTS_DIR)/Swift-LightBlue.app/Swift-LightBlue";
			};
			name = Release;
		};
		6CDD918B1C35964400DBC2E2 /* Debug */ = {
			isa = XCBuildConfiguration;
			buildSettings = {
				INFOPLIST_FILE = "Swift-LightBlueUITests/Info.plist";
				LD_RUNPATH_SEARCH_PATHS = "$(inherited) @executable_path/Frameworks @loader_path/Frameworks";
				PRODUCT_BUNDLE_IDENTIFIER = "com.pluto-y.Swift-LightBlueUITests";
				PRODUCT_NAME = "$(TARGET_NAME)";
				TEST_TARGET_NAME = "Swift-LightBlue";
				USES_XCTRUNNER = YES;
			};
			name = Debug;
		};
		6CDD918C1C35964400DBC2E2 /* Release */ = {
			isa = XCBuildConfiguration;
			buildSettings = {
				INFOPLIST_FILE = "Swift-LightBlueUITests/Info.plist";
				LD_RUNPATH_SEARCH_PATHS = "$(inherited) @executable_path/Frameworks @loader_path/Frameworks";
				PRODUCT_BUNDLE_IDENTIFIER = "com.pluto-y.Swift-LightBlueUITests";
				PRODUCT_NAME = "$(TARGET_NAME)";
				TEST_TARGET_NAME = "Swift-LightBlue";
				USES_XCTRUNNER = YES;
			};
			name = Release;
		};
/* End XCBuildConfiguration section */

/* Begin XCConfigurationList section */
		6CDD91571C35964400DBC2E2 /* Build configuration list for PBXProject "Swift-LightBlue" */ = {
			isa = XCConfigurationList;
			buildConfigurations = (
				6CDD91821C35964400DBC2E2 /* Debug */,
				6CDD91831C35964400DBC2E2 /* Release */,
			);
			defaultConfigurationIsVisible = 0;
			defaultConfigurationName = Release;
		};
		6CDD91841C35964400DBC2E2 /* Build configuration list for PBXNativeTarget "Swift-LightBlue" */ = {
			isa = XCConfigurationList;
			buildConfigurations = (
				6CDD91851C35964400DBC2E2 /* Debug */,
				6CDD91861C35964400DBC2E2 /* Release */,
			);
			defaultConfigurationIsVisible = 0;
			defaultConfigurationName = Release;
		};
		6CDD91871C35964400DBC2E2 /* Build configuration list for PBXNativeTarget "Swift-LightBlueTests" */ = {
			isa = XCConfigurationList;
			buildConfigurations = (
				6CDD91881C35964400DBC2E2 /* Debug */,
				6CDD91891C35964400DBC2E2 /* Release */,
			);
			defaultConfigurationIsVisible = 0;
			defaultConfigurationName = Release;
		};
		6CDD918A1C35964400DBC2E2 /* Build configuration list for PBXNativeTarget "Swift-LightBlueUITests" */ = {
			isa = XCConfigurationList;
			buildConfigurations = (
				6CDD918B1C35964400DBC2E2 /* Debug */,
				6CDD918C1C35964400DBC2E2 /* Release */,
			);
			defaultConfigurationIsVisible = 0;
			defaultConfigurationName = Release;
		};
/* End XCConfigurationList section */
	};
	rootObject = 6CDD91541C35964400DBC2E2 /* Project object */;
}
